
Microsoft Visual Studio Solution File, Format Version 12.00
# Visual Studio 15
VisualStudioVersion = 15.0.28307.421
MinimumVisualStudioVersion = 10.0.40219.1
Project("{FAE04EC0-301F-11D3-BF4B-00C04F79EFBC}") = "MediaPlayer", "MediaPlayer\MediaPlayer.csproj", "{F5A83190-332F-4B48-A7A7-F24F11F9BF0D}"
EndProject
Global
	GlobalSection(SolutionConfigurationPlatforms) = preSolution
		Debug|Any CPU = Debug|Any CPU
		Release|Any CPU = Release|Any CPU
	EndGlobalSection
	GlobalSection(ProjectConfigurationPlatforms) = postSolution
		{F5A83190-332F-4B48-A7A7-F24F11F9BF0D}.Debug|Any CPU.ActiveCfg = Debug|Any CPU
		{F5A83190-332F-4B48-A7A7-F24F11F9BF0D}.Debug|Any CPU.Build.0 = Debug|Any CPU
		{F5A83190-332F-4B48-A7A7-F24F11F9BF0D}.Release|Any CPU.ActiveCfg = Release|Any CPU
		{F5A83190-332F-4B48-A7A7-F24F11F9BF0D}.Release|Any CPU.Build.0 = Release|Any CPU
	EndGlobalSection
	GlobalSection(SolutionProperties) = preSolution
		HideSolutionNode = FALSE
	EndGlobalSection
	GlobalSection(ExtensibilityGlobals) = postSolution
		SolutionGuid = {EDAA7874-0DAB-4845-AE8F-F6DFD699600C}
	EndGlobalSection
EndGlobal
